
Microsoft Visual Studio Solution File, Format Version 12.00
# Visual Studio Version 16
VisualStudioVersion = 16.0.31205.134
MinimumVisualStudioVersion = 10.0.40219.1
Project("{FAE04EC0-301F-11D3-BF4B-00C04F79EFBC}") = "zad1", "zad1.csproj", "{9E23B3D2-D949-4967-93F9-44A7FB50CADA}"
EndProject
Global
	GlobalSection(SolutionConfigurationPlatforms) = preSolution
		Debug|Any CPU = Debug|Any CPU
		Release|Any CPU = Release|Any CPU
	EndGlobalSection
	GlobalSection(ProjectConfigurationPlatforms) = postSolution
		{9E23B3D2-D949-4967-93F9-44A7FB50CADA}.Debug|Any CPU.ActiveCfg = Debug|Any CPU
		{9E23B3D2-D949-4967-93F9-44A7FB50CADA}.Debug|Any CPU.Build.0 = Debug|Any CPU
		{9E23B3D2-D949-4967-93F9-44A7FB50CADA}.Release|Any CPU.ActiveCfg = Release|Any CPU
		{9E23B3D2-D949-4967-93F9-44A7FB50CADA}.Release|Any CPU.Build.0 = Release|Any CPU
	EndGlobalSection
	GlobalSection(SolutionProperties) = preSolution
		HideSolutionNode = FALSE
	EndGlobalSection
	GlobalSection(ExtensibilityGlobals) = postSolution
		SolutionGuid = {455BAEF6-93A7-45CD-8C7B-0ADF2D79D997}
	EndGlobalSection
EndGlobal
