
Microsoft Visual Studio Solution File, Format Version 12.00
# Visual Studio Version 16
VisualStudioVersion = 16.0.31205.134
MinimumVisualStudioVersion = 10.0.40219.1
Project("{FAE04EC0-301F-11D3-BF4B-00C04F79EFBC}") = "Zad1", "Zad1.csproj", "{EA694BD6-9C6F-4D8E-8311-00438EF35E42}"
EndProject
Global
	GlobalSection(SolutionConfigurationPlatforms) = preSolution
		Debug|Any CPU = Debug|Any CPU
		Release|Any CPU = Release|Any CPU
	EndGlobalSection
	GlobalSection(ProjectConfigurationPlatforms) = postSolution
		{EA694BD6-9C6F-4D8E-8311-00438EF35E42}.Debug|Any CPU.ActiveCfg = Debug|Any CPU
		{EA694BD6-9C6F-4D8E-8311-00438EF35E42}.Debug|Any CPU.Build.0 = Debug|Any CPU
		{EA694BD6-9C6F-4D8E-8311-00438EF35E42}.Release|Any CPU.ActiveCfg = Release|Any CPU
		{EA694BD6-9C6F-4D8E-8311-00438EF35E42}.Release|Any CPU.Build.0 = Release|Any CPU
	EndGlobalSection
	GlobalSection(SolutionProperties) = preSolution
		HideSolutionNode = FALSE
	EndGlobalSection
	GlobalSection(ExtensibilityGlobals) = postSolution
		SolutionGuid = {748DB5D2-E905-47FD-B54B-EA5B96EFBF5D}
	EndGlobalSection
EndGlobal
