
Microsoft Visual Studio Solution File, Format Version 12.00
# Visual Studio Version 16
VisualStudioVersion = 16.0.30011.22
MinimumVisualStudioVersion = 10.0.40219.1
Project("{FAE04EC0-301F-11D3-BF4B-00C04F79EFBC}") = "zad6", "zad6\zad6.csproj", "{CEBE078E-5D7D-4876-9B5F-A7A6C2E8BDDD}"
EndProject
Global
	GlobalSection(SolutionConfigurationPlatforms) = preSolution
		Debug|Any CPU = Debug|Any CPU
		Release|Any CPU = Release|Any CPU
	EndGlobalSection
	GlobalSection(ProjectConfigurationPlatforms) = postSolution
		{CEBE078E-5D7D-4876-9B5F-A7A6C2E8BDDD}.Debug|Any CPU.ActiveCfg = Debug|Any CPU
		{CEBE078E-5D7D-4876-9B5F-A7A6C2E8BDDD}.Debug|Any CPU.Build.0 = Debug|Any CPU
		{CEBE078E-5D7D-4876-9B5F-A7A6C2E8BDDD}.Release|Any CPU.ActiveCfg = Release|Any CPU
		{CEBE078E-5D7D-4876-9B5F-A7A6C2E8BDDD}.Release|Any CPU.Build.0 = Release|Any CPU
	EndGlobalSection
	GlobalSection(SolutionProperties) = preSolution
		HideSolutionNode = FALSE
	EndGlobalSection
	GlobalSection(ExtensibilityGlobals) = postSolution
		SolutionGuid = {EBCEBA63-FB76-4483-BB88-AAFE79AAC773}
	EndGlobalSection
EndGlobal
