
Microsoft Visual Studio Solution File, Format Version 12.00
# Visual Studio Version 16
VisualStudioVersion = 16.0.29905.134
MinimumVisualStudioVersion = 10.0.40219.1
Project("{FAE04EC0-301F-11D3-BF4B-00C04F79EFBC}") = "zad6", "zad6\zad6.csproj", "{D122A344-A6CA-43FA-AC22-6173F6414C14}"
EndProject
Global
	GlobalSection(SolutionConfigurationPlatforms) = preSolution
		Debug|Any CPU = Debug|Any CPU
		Release|Any CPU = Release|Any CPU
	EndGlobalSection
	GlobalSection(ProjectConfigurationPlatforms) = postSolution
		{D122A344-A6CA-43FA-AC22-6173F6414C14}.Debug|Any CPU.ActiveCfg = Debug|Any CPU
		{D122A344-A6CA-43FA-AC22-6173F6414C14}.Debug|Any CPU.Build.0 = Debug|Any CPU
		{D122A344-A6CA-43FA-AC22-6173F6414C14}.Release|Any CPU.ActiveCfg = Release|Any CPU
		{D122A344-A6CA-43FA-AC22-6173F6414C14}.Release|Any CPU.Build.0 = Release|Any CPU
	EndGlobalSection
	GlobalSection(SolutionProperties) = preSolution
		HideSolutionNode = FALSE
	EndGlobalSection
	GlobalSection(ExtensibilityGlobals) = postSolution
		SolutionGuid = {CE618233-561E-4F19-9A28-B3A9EA86CE70}
	EndGlobalSection
EndGlobal
