
Microsoft Visual Studio Solution File, Format Version 12.00
# Visual Studio Version 16
VisualStudioVersion = 16.0.29905.134
MinimumVisualStudioVersion = 10.0.40219.1
Project("{FAE04EC0-301F-11D3-BF4B-00C04F79EFBC}") = "zad4", "zad4\zad4.csproj", "{D31F0CFB-2B39-4FA0-B1D7-265B021B01B2}"
EndProject
Global
	GlobalSection(SolutionConfigurationPlatforms) = preSolution
		Debug|Any CPU = Debug|Any CPU
		Release|Any CPU = Release|Any CPU
	EndGlobalSection
	GlobalSection(ProjectConfigurationPlatforms) = postSolution
		{D31F0CFB-2B39-4FA0-B1D7-265B021B01B2}.Debug|Any CPU.ActiveCfg = Debug|Any CPU
		{D31F0CFB-2B39-4FA0-B1D7-265B021B01B2}.Debug|Any CPU.Build.0 = Debug|Any CPU
		{D31F0CFB-2B39-4FA0-B1D7-265B021B01B2}.Release|Any CPU.ActiveCfg = Release|Any CPU
		{D31F0CFB-2B39-4FA0-B1D7-265B021B01B2}.Release|Any CPU.Build.0 = Release|Any CPU
	EndGlobalSection
	GlobalSection(SolutionProperties) = preSolution
		HideSolutionNode = FALSE
	EndGlobalSection
	GlobalSection(ExtensibilityGlobals) = postSolution
		SolutionGuid = {6AC98B1B-702E-46C9-9A9D-6A01938FFA52}
	EndGlobalSection
EndGlobal
